
Microsoft Visual Studio Solution File, Format Version 12.00
# Visual Studio Version 17
VisualStudioVersion = 17.2.32616.157
MinimumVisualStudioVersion = 10.0.40219.1
Project("{FAE04EC0-301F-11D3-BF4B-00C04F79EFBC}") = "PRICETRAVEL", "PRICETRAVEL\PRICETRAVEL.csproj", "{520D6BBB-F1EC-40A3-A8A8-FAEEDF52EEAC}"
EndProject
Global
	GlobalSection(SolutionConfigurationPlatforms) = preSolution
		Debug|Any CPU = Debug|Any CPU
		Release|Any CPU = Release|Any CPU
	EndGlobalSection
	GlobalSection(ProjectConfigurationPlatforms) = postSolution
		{520D6BBB-F1EC-40A3-A8A8-FAEEDF52EEAC}.Debug|Any CPU.ActiveCfg = Debug|Any CPU
		{520D6BBB-F1EC-40A3-A8A8-FAEEDF52EEAC}.Debug|Any CPU.Build.0 = Debug|Any CPU
		{520D6BBB-F1EC-40A3-A8A8-FAEEDF52EEAC}.Release|Any CPU.ActiveCfg = Release|Any CPU
		{520D6BBB-F1EC-40A3-A8A8-FAEEDF52EEAC}.Release|Any CPU.Build.0 = Release|Any CPU
	EndGlobalSection
	GlobalSection(SolutionProperties) = preSolution
		HideSolutionNode = FALSE
	EndGlobalSection
	GlobalSection(ExtensibilityGlobals) = postSolution
		SolutionGuid = {8F47E2D6-C86B-4901-B75D-12B5780E9ACC}
	EndGlobalSection
EndGlobal
